Microsoft Visual Studio Solution File, Format Version 11.00
# Visual Studio 2010
Project("{2150E333-8FDC-42A3-9474-1A3956D46DE8}") = "Solution Items", "Solution Items", "{8A416201-1501-42BE-8E22-CDC9A0D88A09}"
	ProjectSection(SolutionItems) = preProject
		EUSS .Net 2.0.vsmdi = EUSS .Net 2.0.vsmdi
		EUSS .Net 2.01.vsmdi = EUSS .Net 2.01.vsmdi
		euss.testrunconfig = euss.testrunconfig
	EndProjectSection
EndProject
Project("{2150E333-8FDC-42A3-9474-1A3956D46DE8}") = "Engines", "Engines", "{779E8921-5A6C-4BFC-8BEA-B4FAD6B730C4}"
EndProject
Project("{FAE04EC0-301F-11D3-BF4B-00C04F79EFBC}") = "Evaluant.Uss.SqlExpressions", "Evaluant.Uss.SqlExpressions\Evaluant.Uss.SqlExpressions.csproj", "{A16A1EE5-E9C7-4E3F-9A97-73D7457D105A}"
EndProject
Project("{FAE04EC0-301F-11D3-BF4B-00C04F79EFBC}") = "Evaluant.Uss.ObjectContext.Contracts", "Evaluant.Uss.ObjectContext.Contracts\Evaluant.Uss.ObjectContext.Contracts.csproj", "{1E9E46B6-55D4-4F70-8C6E-9839E323F81B}"
EndProject
Project("{FAE04EC0-301F-11D3-BF4B-00C04F79EFBC}") = "Evaluant.Uss.PersistenceEngine.Contracts", "Evaluant.Uss.PersistenceEngine.Contracts\Evaluant.Uss.PersistenceEngine.Contracts.csproj", "{F29DF346-0EAF-4953-B955-36057C4EACC0}"
EndProject
Project("{FAE04EC0-301F-11D3-BF4B-00C04F79EFBC}") = "NLinq", "NLinq\NLinq\NLinq.csproj", "{05FF616B-289A-41AE-A746-ACFFA6825602}"
EndProject
Project("{FAE04EC0-301F-11D3-BF4B-00C04F79EFBC}") = "Evaluant.Uss.Domain", "Evaluant.Uss.Domain\Evaluant.Uss.Domain.csproj", "{637448DB-230B-40F9-AB08-D721583F1B4B}"
EndProject
Project("{FAE04EC0-301F-11D3-BF4B-00C04F79EFBC}") = "Evaluant.Uss.MetaData", "Evaluant.Uss.Metadata\Evaluant.Uss.MetaData.csproj", "{4E7FED63-449B-4E88-A9A1-F16EBC4ADB6B}"
EndProject
Project("{FAE04EC0-301F-11D3-BF4B-00C04F79EFBC}") = "Evaluant.Uss.Hub", "Evaluant.Uss.Hub\Evaluant.Uss.Hub.csproj", "{014A1AC0-5FE6-45CA-825E-35250DF6D417}"
EndProject
Project("{FAE04EC0-301F-11D3-BF4B-00C04F79EFBC}") = "Evaluant.Uss.Commands", "Evaluant.Uss.Commands\Evaluant.Uss.Commands.csproj", "{1079BD90-3EE1-4EA6-96BF-05DF592B7602}"
EndProject
Project("{FAE04EC0-301F-11D3-BF4B-00C04F79EFBC}") = "Evaluant.Uss.Model", "Evaluant.Uss.Model\Evaluant.Uss.Model.csproj", "{67E1606E-8682-4FF8-BEDE-FA076E07F9FF}"
EndProject
Project("{FAE04EC0-301F-11D3-BF4B-00C04F79EFBC}") = "Evaluant.Uss.Configuration", "Evaluant.Uss.Configuration\Evaluant.Uss.Configuration.csproj", "{BBE00DAE-47B8-4587-9B04-6C73504DD674}"
EndProject
Project("{FAE04EC0-301F-11D3-BF4B-00C04F79EFBC}") = "Evaluant.Uss.Utility", "Evaluant.Uss.Utiliity\Evaluant.Uss.Utility.csproj", "{F2311252-DC19-4E11-89CA-293628CEE68C}"
EndProject
Project("{FAE04EC0-301F-11D3-BF4B-00C04F79EFBC}") = "Evaluant.Uss.SqlMapper", "Evaluant.Uss.SqlMapper\Evaluant.Uss.SqlMapper.csproj", "{9177B239-87B6-44AE-8786-7C7204F2BACB}"
EndProject
Project("{FAE04EC0-301F-11D3-BF4B-00C04F79EFBC}") = "Evaluant.Uss.Services", "Evaluant.Uss.Services\Evaluant.Uss.Services.csproj", "{36A7917F-E198-4773-BB3B-3A7A0D238892}"
EndProject
Project("{FAE04EC0-301F-11D3-BF4B-00C04F79EFBC}") = "Evaluant.Uss.PersistentDescriptors", "Evaluant.Uss.PersistentDescriptors\Evaluant.Uss.PersistentDescriptors.csproj", "{C70E97A3-F54C-405F-9AEF-BC2525260D00}"
EndProject
Project("{FAE04EC0-301F-11D3-BF4B-00C04F79EFBC}") = "Evaluant.Uss.Sync", "Evaluant.Uss.Sync\Evaluant.Uss.Sync.csproj", "{C7CA6B1C-8C5D-447D-AB62-743EBFE630B1}"
EndProject
Project("{FAE04EC0-301F-11D3-BF4B-00C04F79EFBC}") = "Evaluant.Uss.EntityResolver.Proxy.Dynamic", "Evaluant.Uss.EntityResolver.DynamicProxy\Evaluant.Uss.EntityResolver.Proxy.Dynamic.csproj", "{69A2089C-39FA-4EBE-9D87-7C2331D296E4}"
EndProject
Project("{FAE04EC0-301F-11D3-BF4B-00C04F79EFBC}") = "Evaluant.Uss.Serializer", "Evaluant.Uss.Serializer\Evaluant.Uss.Serializer.csproj", "{0846FA7E-3FF5-422D-BEB1-6E8495C410CD}"
EndProject
Project("{FAE04EC0-301F-11D3-BF4B-00C04F79EFBC}") = "Evaluant.Uss.Tests", "Evaluant.Uss.Tests\Evaluant.Uss.Tests.csproj", "{588941E6-013B-4FE5-B476-7B99815C6293}"
EndProject
Project("{FAE04EC0-301F-11D3-BF4B-00C04F79EFBC}") = "Evaluant.Uss - 2.0", "Evaluant.Uss.Merger\Evaluant.Uss - 2.0.csproj", "{B168479D-E977-4B18-8D91-A238CDE4B222}"
EndProject
Project("{FAE04EC0-301F-11D3-BF4B-00C04F79EFBC}") = "Evaluant.Uss.Extensions", "Evaluant.Uss.Extensions\Evaluant.Uss.Extensions.csproj", "{C8E8697B-8BED-493F-A3B0-650E83E92AF8}"
EndProject
Project("{FAE04EC0-301F-11D3-BF4B-00C04F79EFBC}") = "Evaluant.Uss - 3.5", "Evaluant.Uss.Merger\Evaluant.Uss - 3.5.csproj", "{673F5D53-8256-4EFD-AA7F-0AA4BA09EF18}"
EndProject
Project("{FAE04EC0-301F-11D3-BF4B-00C04F79EFBC}") = "UniversalStorageServices 2.0", "v1\UniversalStorageServices 2.0.csproj", "{2E6EC1CF-3F35-46E3-BBFA-A72981D38047}"
EndProject
Project("{FAE04EC0-301F-11D3-BF4B-00C04F79EFBC}") = "Evaluant.Uss.Memory", "Evaluant.Uss.Memory\Evaluant.Uss.Memory.csproj", "{24750AA7-198A-4E92-9937-33296EC22B3A}"
EndProject
Project("{FAE04EC0-301F-11D3-BF4B-00C04F79EFBC}") = "NLinq.Memory", "NLinq\NLinq.Memory\NLinq.Memory.csproj", "{05DC8701-36AB-4212-B468-BB128C7C3E84}"
EndProject
Project("{FAE04EC0-301F-11D3-BF4B-00C04F79EFBC}") = "Evaluant.Uss.MongoDB", "Evaluant.Uss.MongoDB\Evaluant.Uss.MongoDB.csproj", "{AE047892-6E00-408F-9C5C-A80CF57E8E74}"
EndProject
Project("{F088123C-0E9E-452A-89E6-6BA2F21D5CAC}") = "Modelling", "Modelling\Modelling.modelproj", "{49C68BE4-F2EC-4FA3-A547-BDC5FBEA39A3}"
EndProject
Project("{FAE04EC0-301F-11D3-BF4B-00C04F79EFBC}") = "Evaluant.Uss.Era", "Evaluant.Uss.Era\Evaluant.Uss.Era.csproj", "{EA523435-06CC-4BA2-A0EA-E4C19B2B4D9C}"
EndProject
Project("{FAE04EC0-301F-11D3-BF4B-00C04F79EFBC}") = "Evaluant.Uss.WCFService", "Evaluant.Uss.WCFService\Evaluant.Uss.WCFService.csproj", "{D4D7E9FB-9D00-4C4D-91C3-D2FE73F46510}"
EndProject
Project("{FAE04EC0-301F-11D3-BF4B-00C04F79EFBC}") = "Evaluant.Uss.WcfClient", "Evaluant.Uss.WcfClient\Evaluant.Uss.WcfClient.csproj", "{2A5625A7-F099-4EEF-AC51-E48F287DDD4C}"
	ProjectSection(ProjectDependencies) = postProject
		{D4D7E9FB-9D00-4C4D-91C3-D2FE73F46510} = {D4D7E9FB-9D00-4C4D-91C3-D2FE73F46510}
	EndProjectSection
EndProject
Project("{2150E333-8FDC-42A3-9474-1A3956D46DE8}") = "Tools", "Tools", "{57F9A565-60A6-4539-B347-AE32D1A421AB}"
EndProject
Project("{FAE04EC0-301F-11D3-BF4B-00C04F79EFBC}") = "Static Proxy Generator", "Static Proxy Generator\Static Proxy Generator.csproj", "{ADC2DC09-6696-4531-8BE4-A74993776018}"
EndProject
Project("{FAE04EC0-301F-11D3-BF4B-00C04F79EFBC}") = "Evaluant.Uss.EntityResolver.Proxy", "Evaluant.Uss.EntityResolver.Proxy\Evaluant.Uss.EntityResolver.Proxy.csproj", "{6009EFAA-B791-440D-8A0B-E20328107451}"
EndProject
Project("{FAE04EC0-301F-11D3-BF4B-00C04F79EFBC}") = "Evaluant.Uss.EntityResolver.Proxy.Static", "Evaluant.Uss.EntityResolver.Proxy.Static\Evaluant.Uss.EntityResolver.Proxy.Static.csproj", "{566DE8B0-07E4-405B-A947-3A351FDE8ED6}"
EndProject
Project("{FAE04EC0-301F-11D3-BF4B-00C04F79EFBC}") = "Evaluant.Uss.EntityResolver.DynamicObject", "Evaluant.Uss.EntityResolver.DynamicObject\Evaluant.Uss.EntityResolver.DynamicObject.csproj", "{61BC06E4-E5F5-4DD5-843C-CC58036261B7}"
EndProject
Project("{2150E333-8FDC-42A3-9474-1A3956D46DE8}") = "Object Contexts", "Object Contexts", "{983EAA37-4320-4D78-9E8A-1BF14BEF4A42}"
EndProject
Project("{FAE04EC0-301F-11D3-BF4B-00C04F79EFBC}") = "Evaluant.Uss.EntityFramework", "Evaluant.Uss.EntityFramework\Evaluant.Uss.EntityFramework.csproj", "{4D387F64-7354-4DE1-8470-A50FF42E3DB7}"
EndProject
Project("{FAE04EC0-301F-11D3-BF4B-00C04F79EFBC}") = "Evaluant.Uss.Olap", "Evaluant.Uss.Olap\Evaluant.Uss.Olap.csproj", "{34A436D6-4E0E-469B-AF75-81F4214166FB}"
EndProject
Project("{FAE04EC0-301F-11D3-BF4B-00C04F79EFBC}") = "Evaluant.Uss.OData", "Evaluant.Uss.OData\Evaluant.Uss.OData.csproj", "{E93B359D-AC7A-45BB-AD2A-C1D96F828EDB}"
EndProject
Project("{FAE04EC0-301F-11D3-BF4B-00C04F79EFBC}") = "Evaluant.Uss.SqlMapper.EF", "Evaluant.Uss.EF\Evaluant.Uss.SqlMapper.EF.csproj", "{6A56874B-37F6-4829-935A-6D1CBAA2212E}"
EndProject
Project("{FAE04EC0-301F-11D3-BF4B-00C04F79EFBC}") = "Evaluant.Uss.Tests.WcfServices", "Evaluant.Uss.Tests.WcfServices\Evaluant.Uss.Tests.WcfServices.csproj", "{B6FE0585-A967-44AF-8888-834052800E55}"
EndProject
Global
	GlobalSection(TeamFoundationVersionControl) = preSolution
		SccNumberOfProjects = 35
		SccEnterpriseProvider = {4CA58AB2-18FA-4F8D-95D4-32DDF27D184C}
		SccTeamFoundationServer = http://tfs2010.evaluant.com:8080/tfs/evaluantr_d
		SccLocalPath0 = .
		SccProjectUniqueName1 = Evaluant.Uss.Commands\\Evaluant.Uss.Commands.csproj
		SccProjectName1 = Evaluant.Uss.Commands
		SccLocalPath1 = Evaluant.Uss.Commands
		SccProjectUniqueName2 = Evaluant.Uss.Configuration\\Evaluant.Uss.Configuration.csproj
		SccProjectName2 = Evaluant.Uss.Configuration
		SccLocalPath2 = Evaluant.Uss.Configuration
		SccProjectUniqueName3 = Evaluant.Uss.Domain\\Evaluant.Uss.Domain.csproj
		SccProjectName3 = Evaluant.Uss.Domain
		SccLocalPath3 = Evaluant.Uss.Domain
		SccProjectUniqueName4 = Evaluant.Uss.EF\\Evaluant.Uss.SqlMapper.EF.csproj
		SccProjectTopLevelParentUniqueName4 = EUSS\u0020.Net\u00202.0.sln
		SccProjectName4 = Evaluant.Uss.EF
		SccLocalPath4 = Evaluant.Uss.EF
		SccProjectUniqueName5 = Evaluant.Uss.EntityFramework\\Evaluant.Uss.EntityFramework.csproj
		SccProjectTopLevelParentUniqueName5 = EUSS\u0020.Net\u00202.0.sln
		SccProjectName5 = Evaluant.Uss.EntityFramework
		SccLocalPath5 = Evaluant.Uss.EntityFramework
		SccProjectUniqueName6 = Evaluant.Uss.EntityResolver.DynamicObject\\Evaluant.Uss.EntityResolver.DynamicObject.csproj
		SccProjectName6 = Evaluant.Uss.EntityResolver.DynamicObject
		SccLocalPath6 = Evaluant.Uss.EntityResolver.DynamicObject
		SccProjectUniqueName7 = Evaluant.Uss.EntityResolver.DynamicProxy\\Evaluant.Uss.EntityResolver.Proxy.Dynamic.csproj
		SccProjectName7 = Evaluant.Uss.EntityResolver.DynamicProxy
		SccLocalPath7 = Evaluant.Uss.EntityResolver.DynamicProxy
		SccProjectUniqueName8 = Evaluant.Uss.EntityResolver.Proxy.Static\\Evaluant.Uss.EntityResolver.Proxy.Static.csproj
		SccProjectName8 = Evaluant.Uss.EntityResolver.Proxy.Static
		SccLocalPath8 = Evaluant.Uss.EntityResolver.Proxy.Static
		SccProjectUniqueName9 = Evaluant.Uss.EntityResolver.Proxy\\Evaluant.Uss.EntityResolver.Proxy.csproj
		SccProjectName9 = Evaluant.Uss.EntityResolver.Proxy
		SccLocalPath9 = Evaluant.Uss.EntityResolver.Proxy
		SccProjectUniqueName10 = Evaluant.Uss.Era\\Evaluant.Uss.Era.csproj
		SccProjectName10 = Evaluant.Uss.Era
		SccLocalPath10 = Evaluant.Uss.Era
		SccProjectUniqueName11 = Evaluant.Uss.Extensions\\Evaluant.Uss.Extensions.csproj
		SccProjectName11 = Evaluant.Uss.Extensions
		SccLocalPath11 = Evaluant.Uss.Extensions
		SccProjectUniqueName12 = Evaluant.Uss.Hub\\Evaluant.Uss.Hub.csproj
		SccProjectTopLevelParentUniqueName12 = EUSS\u0020.Net\u00202.0.sln
		SccProjectName12 = Evaluant.Uss.Hub
		SccLocalPath12 = Evaluant.Uss.Hub
		SccProjectUniqueName13 = Evaluant.Uss.Memory\\Evaluant.Uss.Memory.csproj
		SccProjectTopLevelParentUniqueName13 = EUSS\u0020.Net\u00202.0.sln
		SccProjectName13 = Evaluant.Uss.Memory
		SccLocalPath13 = Evaluant.Uss.Memory
		SccProjectUniqueName14 = Evaluant.Uss.Merger\\Evaluant.Uss\u0020-\u00202.0.csproj
		SccProjectName14 = Evaluant.Uss.Merger
		SccLocalPath14 = Evaluant.Uss.Merger
		SccProjectUniqueName15 = Evaluant.Uss.Merger\\Evaluant.Uss\u0020-\u00203.5.csproj
		SccProjectName15 = Evaluant.Uss.Merger
		SccLocalPath15 = Evaluant.Uss.Merger
		SccProjectUniqueName16 = Evaluant.Uss.Metadata\\Evaluant.Uss.MetaData.csproj
		SccProjectName16 = Evaluant.Uss.Metadata
		SccLocalPath16 = Evaluant.Uss.Metadata
		SccProjectUniqueName17 = Evaluant.Uss.Model\\Evaluant.Uss.Model.csproj
		SccProjectName17 = Evaluant.Uss.Model
		SccLocalPath17 = Evaluant.Uss.Model
		SccProjectUniqueName18 = Evaluant.Uss.MongoDB\\Evaluant.Uss.MongoDB.csproj
		SccProjectTopLevelParentUniqueName18 = EUSS\u0020.Net\u00202.0.sln
		SccProjectName18 = Evaluant.Uss.MongoDB
		SccLocalPath18 = Evaluant.Uss.MongoDB
		SccProjectUniqueName19 = Evaluant.Uss.ObjectContext.Contracts\\Evaluant.Uss.ObjectContext.Contracts.csproj
		SccProjectName19 = Evaluant.Uss.ObjectContext.Contracts
		SccLocalPath19 = Evaluant.Uss.ObjectContext.Contracts
		SccProjectUniqueName20 = Evaluant.Uss.OData\\Evaluant.Uss.OData.csproj
		SccProjectTopLevelParentUniqueName20 = EUSS\u0020.Net\u00202.0.sln
		SccProjectName20 = Evaluant.Uss.OData
		SccLocalPath20 = Evaluant.Uss.OData
		SccProjectUniqueName21 = Evaluant.Uss.Olap\\Evaluant.Uss.Olap.csproj
		SccProjectTopLevelParentUniqueName21 = EUSS\u0020.Net\u00202.0.sln
		SccProjectName21 = Evaluant.Uss.Olap
		SccLocalPath21 = Evaluant.Uss.Olap
		SccProjectUniqueName22 = Evaluant.Uss.PersistenceEngine.Contracts\\Evaluant.Uss.PersistenceEngine.Contracts.csproj
		SccProjectName22 = Evaluant.Uss.PersistenceEngine.Contracts
		SccLocalPath22 = Evaluant.Uss.PersistenceEngine.Contracts
		SccProjectUniqueName23 = Evaluant.Uss.PersistentDescriptors\\Evaluant.Uss.PersistentDescriptors.csproj
		SccProjectName23 = Evaluant.Uss.PersistentDescriptors
		SccLocalPath23 = Evaluant.Uss.PersistentDescriptors
		SccProjectUniqueName24 = Evaluant.Uss.Serializer\\Evaluant.Uss.Serializer.csproj
		SccProjectName24 = Evaluant.Uss.Serializer
		SccLocalPath24 = Evaluant.Uss.Serializer
		SccProjectUniqueName25 = Evaluant.Uss.Services\\Evaluant.Uss.Services.csproj
		SccProjectName25 = Evaluant.Uss.Services
		SccLocalPath25 = Evaluant.Uss.Services
		SccProjectUniqueName26 = Evaluant.Uss.SqlExpressions\\Evaluant.Uss.SqlExpressions.csproj
		SccProjectName26 = Evaluant.Uss.SqlExpressions
		SccLocalPath26 = Evaluant.Uss.SqlExpressions
		SccProjectUniqueName27 = Evaluant.Uss.SqlMapper\\Evaluant.Uss.SqlMapper.csproj
		SccProjectTopLevelParentUniqueName27 = EUSS\u0020.Net\u00202.0.sln
		SccProjectName27 = Evaluant.Uss.SqlMapper
		SccLocalPath27 = Evaluant.Uss.SqlMapper
		SccProjectUniqueName28 = Evaluant.Uss.Sync\\Evaluant.Uss.Sync.csproj
		SccProjectTopLevelParentUniqueName28 = EUSS\u0020.Net\u00202.0.sln
		SccProjectName28 = Evaluant.Uss.Sync
		SccLocalPath28 = Evaluant.Uss.Sync
		SccProjectUniqueName29 = Evaluant.Uss.Tests\\Evaluant.Uss.Tests.csproj
		SccProjectName29 = Evaluant.Uss.Tests
		SccLocalPath29 = Evaluant.Uss.Tests
		SccProjectUniqueName30 = Evaluant.Uss.Utiliity\\Evaluant.Uss.Utility.csproj
		SccProjectName30 = Evaluant.Uss.Utiliity
		SccLocalPath30 = Evaluant.Uss.Utiliity
		SccProjectUniqueName31 = Evaluant.Uss.WcfClient\\Evaluant.Uss.WcfClient.csproj
		SccProjectTopLevelParentUniqueName31 = EUSS\u0020.Net\u00202.0.sln
		SccProjectName31 = Evaluant.Uss.WcfClient
		SccLocalPath31 = Evaluant.Uss.WcfClient
		SccProjectUniqueName32 = Evaluant.Uss.WCFService\\Evaluant.Uss.WCFService.csproj
		SccProjectTopLevelParentUniqueName32 = EUSS\u0020.Net\u00202.0.sln
		SccProjectName32 = Evaluant.Uss.WCFService
		SccLocalPath32 = Evaluant.Uss.WCFService
		SccProjectUniqueName33 = Modelling\\Modelling.modelproj
		SccProjectName33 = Modelling
		SccLocalPath33 = Modelling
		SccProjectUniqueName34 = Static\u0020Proxy\u0020Generator\\Static\u0020Proxy\u0020Generator.csproj
		SccProjectTopLevelParentUniqueName34 = EUSS\u0020.Net\u00202.0.sln
		SccProjectName34 = Static\u0020Proxy\u0020Generator
		SccLocalPath34 = Static\u0020Proxy\u0020Generator
	EndGlobalSection
	GlobalSection(TestCaseManagementSettings) = postSolution
		CategoryFile = EUSS .Net 2.01.vsmdi
	EndGlobalSection
	GlobalSection(SolutionConfigurationPlatforms) = preSolution
		Debug|Any CPU = Debug|Any CPU
		Debug|Mixed Platforms = Debug|Mixed Platforms
		Debug|x86 = Debug|x86
		Release|Any CPU = Release|Any CPU
		Release|Mixed Platforms = Release|Mixed Platforms
		Release|x86 = Release|x86
	EndGlobalSection
	GlobalSection(ProjectConfigurationPlatforms) = postSolution
		{A16A1EE5-E9C7-4E3F-9A97-73D7457D105A}.Debug|Any CPU.ActiveCfg = Debug|Any CPU
		{A16A1EE5-E9C7-4E3F-9A97-73D7457D105A}.Debug|Any CPU.Build.0 = Debug|Any CPU
		{A16A1EE5-E9C7-4E3F-9A97-73D7457D105A}.Debug|Mixed Platforms.ActiveCfg = Debug|Any CPU
		{A16A1EE5-E9C7-4E3F-9A97-73D7457D105A}.Debug|Mixed Platforms.Build.0 = Debug|Any CPU
		{A16A1EE5-E9C7-4E3F-9A97-73D7457D105A}.Debug|x86.ActiveCfg = Debug|Any CPU
		{A16A1EE5-E9C7-4E3F-9A97-73D7457D105A}.Release|Any CPU.ActiveCfg = Release|Any CPU
		{A16A1EE5-E9C7-4E3F-9A97-73D7457D105A}.Release|Any CPU.Build.0 = Release|Any CPU
		{A16A1EE5-E9C7-4E3F-9A97-73D7457D105A}.Release|Mixed Platforms.ActiveCfg = Release|Any CPU
		{A16A1EE5-E9C7-4E3F-9A97-73D7457D105A}.Release|Mixed Platforms.Build.0 = Release|Any CPU
		{A16A1EE5-E9C7-4E3F-9A97-73D7457D105A}.Release|x86.ActiveCfg = Release|Any CPU
		{1E9E46B6-55D4-4F70-8C6E-9839E323F81B}.Debug|Any CPU.ActiveCfg = Debug|Any CPU
		{1E9E46B6-55D4-4F70-8C6E-9839E323F81B}.Debug|Any CPU.Build.0 = Debug|Any CPU
		{1E9E46B6-55D4-4F70-8C6E-9839E323F81B}.Debug|Mixed Platforms.ActiveCfg = Debug|Any CPU
		{1E9E46B6-55D4-4F70-8C6E-9839E323F81B}.Debug|Mixed Platforms.Build.0 = Debug|Any CPU
		{1E9E46B6-55D4-4F70-8C6E-9839E323F81B}.Debug|x86.ActiveCfg = Debug|Any CPU
		{1E9E46B6-55D4-4F70-8C6E-9839E323F81B}.Release|Any CPU.ActiveCfg = Release|Any CPU
		{1E9E46B6-55D4-4F70-8C6E-9839E323F81B}.Release|Any CPU.Build.0 = Release|Any CPU
		{1E9E46B6-55D4-4F70-8C6E-9839E323F81B}.Release|Mixed Platforms.ActiveCfg = Release|Any CPU
		{1E9E46B6-55D4-4F70-8C6E-9839E323F81B}.Release|Mixed Platforms.Build.0 = Release|Any CPU
		{1E9E46B6-55D4-4F70-8C6E-9839E323F81B}.Release|x86.ActiveCfg = Release|Any CPU
		{F29DF346-0EAF-4953-B955-36057C4EACC0}.Debug|Any CPU.ActiveCfg = Debug|Any CPU
		{F29DF346-0EAF-4953-B955-36057C4EACC0}.Debug|Any CPU.Build.0 = Debug|Any CPU
		{F29DF346-0EAF-4953-B955-36057C4EACC0}.Debug|Mixed Platforms.ActiveCfg = Debug|Any CPU
		{F29DF346-0EAF-4953-B955-36057C4EACC0}.Debug|Mixed Platforms.Build.0 = Debug|Any CPU
		{F29DF346-0EAF-4953-B955-36057C4EACC0}.Debug|x86.ActiveCfg = Debug|Any CPU
		{F29DF346-0EAF-4953-B955-36057C4EACC0}.Release|Any CPU.ActiveCfg = Release|Any CPU
		{F29DF346-0EAF-4953-B955-36057C4EACC0}.Release|Any CPU.Build.0 = Release|Any CPU
		{F29DF346-0EAF-4953-B955-36057C4EACC0}.Release|Mixed Platforms.ActiveCfg = Release|Any CPU
		{F29DF346-0EAF-4953-B955-36057C4EACC0}.Release|Mixed Platforms.Build.0 = Release|Any CPU
		{F29DF346-0EAF-4953-B955-36057C4EACC0}.Release|x86.ActiveCfg = Release|Any CPU
		{05FF616B-289A-41AE-A746-ACFFA6825602}.Debug|Any CPU.ActiveCfg = Debug|Any CPU
		{05FF616B-289A-41AE-A746-ACFFA6825602}.Debug|Any CPU.Build.0 = Debug|Any CPU
		{05FF616B-289A-41AE-A746-ACFFA6825602}.Debug|Mixed Platforms.ActiveCfg = Debug|Any CPU
		{05FF616B-289A-41AE-A746-ACFFA6825602}.Debug|Mixed Platforms.Build.0 = Debug|Any CPU
		{05FF616B-289A-41AE-A746-ACFFA6825602}.Debug|x86.ActiveCfg = Debug|Any CPU
		{05FF616B-289A-41AE-A746-ACFFA6825602}.Release|Any CPU.ActiveCfg = Release|Any CPU
		{05FF616B-289A-41AE-A746-ACFFA6825602}.Release|Any CPU.Build.0 = Release|Any CPU
		{05FF616B-289A-41AE-A746-ACFFA6825602}.Release|Mixed Platforms.ActiveCfg = Release|Any CPU
		{05FF616B-289A-41AE-A746-ACFFA6825602}.Release|Mixed Platforms.Build.0 = Release|Any CPU
		{05FF616B-289A-41AE-A746-ACFFA6825602}.Release|x86.ActiveCfg = Release|Any CPU
		{637448DB-230B-40F9-AB08-D721583F1B4B}.Debug|Any CPU.ActiveCfg = Debug|Any CPU
		{637448DB-230B-40F9-AB08-D721583F1B4B}.Debug|Any CPU.Build.0 = Debug|Any CPU
		{637448DB-230B-40F9-AB08-D721583F1B4B}.Debug|Mixed Platforms.ActiveCfg = Debug|Any CPU
		{637448DB-230B-40F9-AB08-D721583F1B4B}.Debug|Mixed Platforms.Build.0 = Debug|Any CPU
		{637448DB-230B-40F9-AB08-D721583F1B4B}.Debug|x86.ActiveCfg = Debug|Any CPU
		{637448DB-230B-40F9-AB08-D721583F1B4B}.Release|Any CPU.ActiveCfg = Release|Any CPU
		{637448DB-230B-40F9-AB08-D721583F1B4B}.Release|Any CPU.Build.0 = Release|Any CPU
		{637448DB-230B-40F9-AB08-D721583F1B4B}.Release|Mixed Platforms.ActiveCfg = Release|Any CPU
		{637448DB-230B-40F9-AB08-D721583F1B4B}.Release|Mixed Platforms.Build.0 = Release|Any CPU
		{637448DB-230B-40F9-AB08-D721583F1B4B}.Release|x86.ActiveCfg = Release|Any CPU
		{4E7FED63-449B-4E88-A9A1-F16EBC4ADB6B}.Debug|Any CPU.ActiveCfg = Debug|Any CPU
		{4E7FED63-449B-4E88-A9A1-F16EBC4ADB6B}.Debug|Any CPU.Build.0 = Debug|Any CPU
		{4E7FED63-449B-4E88-A9A1-F16EBC4ADB6B}.Debug|Mixed Platforms.ActiveCfg = Debug|Any CPU
		{4E7FED63-449B-4E88-A9A1-F16EBC4ADB6B}.Debug|Mixed Platforms.Build.0 = Debug|Any CPU
		{4E7FED63-449B-4E88-A9A1-F16EBC4ADB6B}.Debug|x86.ActiveCfg = Debug|Any CPU
		{4E7FED63-449B-4E88-A9A1-F16EBC4ADB6B}.Release|Any CPU.ActiveCfg = Release|Any CPU
		{4E7FED63-449B-4E88-A9A1-F16EBC4ADB6B}.Release|Any CPU.Build.0 = Release|Any CPU
		{4E7FED63-449B-4E88-A9A1-F16EBC4ADB6B}.Release|Mixed Platforms.ActiveCfg = Release|Any CPU
		{4E7FED63-449B-4E88-A9A1-F16EBC4ADB6B}.Release|Mixed Platforms.Build.0 = Release|Any CPU
		{4E7FED63-449B-4E88-A9A1-F16EBC4ADB6B}.Release|x86.ActiveCfg = Release|Any CPU
		{014A1AC0-5FE6-45CA-825E-35250DF6D417}.Debug|Any CPU.ActiveCfg = Debug|Any CPU
		{014A1AC0-5FE6-45CA-825E-35250DF6D417}.Debug|Any CPU.Build.0 = Debug|Any CPU
		{014A1AC0-5FE6-45CA-825E-35250DF6D417}.Debug|Mixed Platforms.ActiveCfg = Debug|Any CPU
		{014A1AC0-5FE6-45CA-825E-35250DF6D417}.Debug|Mixed Platforms.Build.0 = Debug|Any CPU
		{014A1AC0-5FE6-45CA-825E-35250DF6D417}.Debug|x86.ActiveCfg = Debug|Any CPU
		{014A1AC0-5FE6-45CA-825E-35250DF6D417}.Release|Any CPU.ActiveCfg = Release|Any CPU
		{014A1AC0-5FE6-45CA-825E-35250DF6D417}.Release|Any CPU.Build.0 = Release|Any CPU
		{014A1AC0-5FE6-45CA-825E-35250DF6D417}.Release|Mixed Platforms.ActiveCfg = Release|Any CPU
		{014A1AC0-5FE6-45CA-825E-35250DF6D417}.Release|Mixed Platforms.Build.0 = Release|Any CPU
		{014A1AC0-5FE6-45CA-825E-35250DF6D417}.Release|x86.ActiveCfg = Release|Any CPU
		{1079BD90-3EE1-4EA6-96BF-05DF592B7602}.Debug|Any CPU.ActiveCfg = Debug|Any CPU
		{1079BD90-3EE1-4EA6-96BF-05DF592B7602}.Debug|Any CPU.Build.0 = Debug|Any CPU
		{1079BD90-3EE1-4EA6-96BF-05DF592B7602}.Debug|Mixed Platforms.ActiveCfg = Debug|Any CPU
		{1079BD90-3EE1-4EA6-96BF-05DF592B7602}.Debug|Mixed Platforms.Build.0 = Debug|Any CPU
		{1079BD90-3EE1-4EA6-96BF-05DF592B7602}.Debug|x86.ActiveCfg = Debug|Any CPU
		{1079BD90-3EE1-4EA6-96BF-05DF592B7602}.Release|Any CPU.ActiveCfg = Release|Any CPU
		{1079BD90-3EE1-4EA6-96BF-05DF592B7602}.Release|Any CPU.Build.0 = Release|Any CPU
		{1079BD90-3EE1-4EA6-96BF-05DF592B7602}.Release|Mixed Platforms.ActiveCfg = Release|Any CPU
		{1079BD90-3EE1-4EA6-96BF-05DF592B7602}.Release|Mixed Platforms.Build.0 = Release|Any CPU
		{1079BD90-3EE1-4EA6-96BF-05DF592B7602}.Release|x86.ActiveCfg = Release|Any CPU
		{67E1606E-8682-4FF8-BEDE-FA076E07F9FF}.Debug|Any CPU.ActiveCfg = Debug|Any CPU
		{67E1606E-8682-4FF8-BEDE-FA076E07F9FF}.Debug|Any CPU.Build.0 = Debug|Any CPU
		{67E1606E-8682-4FF8-BEDE-FA076E07F9FF}.Debug|Mixed Platforms.ActiveCfg = Debug|Any CPU
		{67E1606E-8682-4FF8-BEDE-FA076E07F9FF}.Debug|Mixed Platforms.Build.0 = Debug|Any CPU
		{67E1606E-8682-4FF8-BEDE-FA076E07F9FF}.Debug|x86.ActiveCfg = Debug|Any CPU
		{67E1606E-8682-4FF8-BEDE-FA076E07F9FF}.Release|Any CPU.ActiveCfg = Release|Any CPU
		{67E1606E-8682-4FF8-BEDE-FA076E07F9FF}.Release|Any CPU.Build.0 = Release|Any CPU
		{67E1606E-8682-4FF8-BEDE-FA076E07F9FF}.Release|Mixed Platforms.ActiveCfg = Release|Any CPU
		{67E1606E-8682-4FF8-BEDE-FA076E07F9FF}.Release|Mixed Platforms.Build.0 = Release|Any CPU
		{67E1606E-8682-4FF8-BEDE-FA076E07F9FF}.Release|x86.ActiveCfg = Release|Any CPU
		{BBE00DAE-47B8-4587-9B04-6C73504DD674}.Debug|Any CPU.ActiveCfg = Debug|Any CPU
		{BBE00DAE-47B8-4587-9B04-6C73504DD674}.Debug|Any CPU.Build.0 = Debug|Any CPU
		{BBE00DAE-47B8-4587-9B04-6C73504DD674}.Debug|Mixed Platforms.ActiveCfg = Debug|Any CPU
		{BBE00DAE-47B8-4587-9B04-6C73504DD674}.Debug|Mixed Platforms.Build.0 = Debug|Any CPU
		{BBE00DAE-47B8-4587-9B04-6C73504DD674}.Debug|x86.ActiveCfg = Debug|Any CPU
		{BBE00DAE-47B8-4587-9B04-6C73504DD674}.Release|Any CPU.ActiveCfg = Release|Any CPU
		{BBE00DAE-47B8-4587-9B04-6C73504DD674}.Release|Any CPU.Build.0 = Release|Any CPU
		{BBE00DAE-47B8-4587-9B04-6C73504DD674}.Release|Mixed Platforms.ActiveCfg = Release|Any CPU
		{BBE00DAE-47B8-4587-9B04-6C73504DD674}.Release|Mixed Platforms.Build.0 = Release|Any CPU
		{BBE00DAE-47B8-4587-9B04-6C73504DD674}.Release|x86.ActiveCfg = Release|Any CPU
		{F2311252-DC19-4E11-89CA-293628CEE68C}.Debug|Any CPU.ActiveCfg = Debug|Any CPU
		{F2311252-DC19-4E11-89CA-293628CEE68C}.Debug|Any CPU.Build.0 = Debug|Any CPU
		{F2311252-DC19-4E11-89CA-293628CEE68C}.Debug|Mixed Platforms.ActiveCfg = Debug|Any CPU
		{F2311252-DC19-4E11-89CA-293628CEE68C}.Debug|Mixed Platforms.Build.0 = Debug|Any CPU
		{F2311252-DC19-4E11-89CA-293628CEE68C}.Debug|x86.ActiveCfg = Debug|Any CPU
		{F2311252-DC19-4E11-89CA-293628CEE68C}.Release|Any CPU.ActiveCfg = Release|Any CPU
		{F2311252-DC19-4E11-89CA-293628CEE68C}.Release|Any CPU.Build.0 = Release|Any CPU
		{F2311252-DC19-4E11-89CA-293628CEE68C}.Release|Mixed Platforms.ActiveCfg = Release|Any CPU
		{F2311252-DC19-4E11-89CA-293628CEE68C}.Release|Mixed Platforms.Build.0 = Release|Any CPU
		{F2311252-DC19-4E11-89CA-293628CEE68C}.Release|x86.ActiveCfg = Release|Any CPU
		{9177B239-87B6-44AE-8786-7C7204F2BACB}.Debug|Any CPU.ActiveCfg = Debug|Any CPU
		{9177B239-87B6-44AE-8786-7C7204F2BACB}.Debug|Any CPU.Build.0 = Debug|Any CPU
		{9177B239-87B6-44AE-8786-7C7204F2BACB}.Debug|Mixed Platforms.ActiveCfg = Debug|Any CPU
		{9177B239-87B6-44AE-8786-7C7204F2BACB}.Debug|Mixed Platforms.Build.0 = Debug|Any CPU
		{9177B239-87B6-44AE-8786-7C7204F2BACB}.Debug|x86.ActiveCfg = Debug|Any CPU
		{9177B239-87B6-44AE-8786-7C7204F2BACB}.Release|Any CPU.ActiveCfg = Release|Any CPU
		{9177B239-87B6-44AE-8786-7C7204F2BACB}.Release|Any CPU.Build.0 = Release|Any CPU
		{9177B239-87B6-44AE-8786-7C7204F2BACB}.Release|Mixed Platforms.ActiveCfg = Release|Any CPU
		{9177B239-87B6-44AE-8786-7C7204F2BACB}.Release|Mixed Platforms.Build.0 = Release|Any CPU
		{9177B239-87B6-44AE-8786-7C7204F2BACB}.Release|x86.ActiveCfg = Release|Any CPU
		{36A7917F-E198-4773-BB3B-3A7A0D238892}.Debug|Any CPU.ActiveCfg = Debug|Any CPU
		{36A7917F-E198-4773-BB3B-3A7A0D238892}.Debug|Any CPU.Build.0 = Debug|Any CPU
		{36A7917F-E198-4773-BB3B-3A7A0D238892}.Debug|Mixed Platforms.ActiveCfg = Debug|Any CPU
		{36A7917F-E198-4773-BB3B-3A7A0D238892}.Debug|Mixed Platforms.Build.0 = Debug|Any CPU
		{36A7917F-E198-4773-BB3B-3A7A0D238892}.Debug|x86.ActiveCfg = Debug|Any CPU
		{36A7917F-E198-4773-BB3B-3A7A0D238892}.Release|Any CPU.ActiveCfg = Release|Any CPU
		{36A7917F-E198-4773-BB3B-3A7A0D238892}.Release|Any CPU.Build.0 = Release|Any CPU
		{36A7917F-E198-4773-BB3B-3A7A0D238892}.Release|Mixed Platforms.ActiveCfg = Release|Any CPU
		{36A7917F-E198-4773-BB3B-3A7A0D238892}.Release|Mixed Platforms.Build.0 = Release|Any CPU
		{36A7917F-E198-4773-BB3B-3A7A0D238892}.Release|x86.ActiveCfg = Release|Any CPU
		{C70E97A3-F54C-405F-9AEF-BC2525260D00}.Debug|Any CPU.ActiveCfg = Debug|Any CPU
		{C70E97A3-F54C-405F-9AEF-BC2525260D00}.Debug|Any CPU.Build.0 = Debug|Any CPU
		{C70E97A3-F54C-405F-9AEF-BC2525260D00}.Debug|Mixed Platforms.ActiveCfg = Debug|Any CPU
		{C70E97A3-F54C-405F-9AEF-BC2525260D00}.Debug|Mixed Platforms.Build.0 = Debug|Any CPU
		{C70E97A3-F54C-405F-9AEF-BC2525260D00}.Debug|x86.ActiveCfg = Debug|Any CPU
		{C70E97A3-F54C-405F-9AEF-BC2525260D00}.Release|Any CPU.ActiveCfg = Release|Any CPU
		{C70E97A3-F54C-405F-9AEF-BC2525260D00}.Release|Any CPU.Build.0 = Release|Any CPU
		{C70E97A3-F54C-405F-9AEF-BC2525260D00}.Release|Mixed Platforms.ActiveCfg = Release|Any CPU
		{C70E97A3-F54C-405F-9AEF-BC2525260D00}.Release|Mixed Platforms.Build.0 = Release|Any CPU
		{C70E97A3-F54C-405F-9AEF-BC2525260D00}.Release|x86.ActiveCfg = Release|Any CPU
		{C7CA6B1C-8C5D-447D-AB62-743EBFE630B1}.Debug|Any CPU.ActiveCfg = Debug|Any CPU
		{C7CA6B1C-8C5D-447D-AB62-743EBFE630B1}.Debug|Any CPU.Build.0 = Debug|Any CPU
		{C7CA6B1C-8C5D-447D-AB62-743EBFE630B1}.Debug|Mixed Platforms.ActiveCfg = Debug|Any CPU
		{C7CA6B1C-8C5D-447D-AB62-743EBFE630B1}.Debug|Mixed Platforms.Build.0 = Debug|Any CPU
		{C7CA6B1C-8C5D-447D-AB62-743EBFE630B1}.Debug|x86.ActiveCfg = Debug|Any CPU
		{C7CA6B1C-8C5D-447D-AB62-743EBFE630B1}.Release|Any CPU.ActiveCfg = Release|Any CPU
		{C7CA6B1C-8C5D-447D-AB62-743EBFE630B1}.Release|Any CPU.Build.0 = Release|Any CPU
		{C7CA6B1C-8C5D-447D-AB62-743EBFE630B1}.Release|Mixed Platforms.ActiveCfg = Release|Any CPU
		{C7CA6B1C-8C5D-447D-AB62-743EBFE630B1}.Release|Mixed Platforms.Build.0 = Release|Any CPU
		{C7CA6B1C-8C5D-447D-AB62-743EBFE630B1}.Release|x86.ActiveCfg = Release|Any CPU
		{69A2089C-39FA-4EBE-9D87-7C2331D296E4}.Debug|Any CPU.ActiveCfg = Debug|Any CPU
		{69A2089C-39FA-4EBE-9D87-7C2331D296E4}.Debug|Any CPU.Build.0 = Debug|Any CPU
		{69A2089C-39FA-4EBE-9D87-7C2331D296E4}.Debug|Mixed Platforms.ActiveCfg = Debug|Any CPU
		{69A2089C-39FA-4EBE-9D87-7C2331D296E4}.Debug|Mixed Platforms.Build.0 = Debug|Any CPU
		{69A2089C-39FA-4EBE-9D87-7C2331D296E4}.Debug|x86.ActiveCfg = Debug|Any CPU
		{69A2089C-39FA-4EBE-9D87-7C2331D296E4}.Release|Any CPU.ActiveCfg = Release|Any CPU
		{69A2089C-39FA-4EBE-9D87-7C2331D296E4}.Release|Any CPU.Build.0 = Release|Any CPU
		{69A2089C-39FA-4EBE-9D87-7C2331D296E4}.Release|Mixed Platforms.ActiveCfg = Release|Any CPU
		{69A2089C-39FA-4EBE-9D87-7C2331D296E4}.Release|Mixed Platforms.Build.0 = Release|Any CPU
		{69A2089C-39FA-4EBE-9D87-7C2331D296E4}.Release|x86.ActiveCfg = Release|Any CPU
		{0846FA7E-3FF5-422D-BEB1-6E8495C410CD}.Debug|Any CPU.ActiveCfg = Debug|Any CPU
		{0846FA7E-3FF5-422D-BEB1-6E8495C410CD}.Debug|Any CPU.Build.0 = Debug|Any CPU
		{0846FA7E-3FF5-422D-BEB1-6E8495C410CD}.Debug|Mixed Platforms.ActiveCfg = Debug|Any CPU
		{0846FA7E-3FF5-422D-BEB1-6E8495C410CD}.Debug|Mixed Platforms.Build.0 = Debug|Any CPU
		{0846FA7E-3FF5-422D-BEB1-6E8495C410CD}.Debug|x86.ActiveCfg = Debug|Any CPU
		{0846FA7E-3FF5-422D-BEB1-6E8495C410CD}.Release|Any CPU.ActiveCfg = Release|Any CPU
		{0846FA7E-3FF5-422D-BEB1-6E8495C410CD}.Release|Any CPU.Build.0 = Release|Any CPU
		{0846FA7E-3FF5-422D-BEB1-6E8495C410CD}.Release|Mixed Platforms.ActiveCfg = Release|Any CPU
		{0846FA7E-3FF5-422D-BEB1-6E8495C410CD}.Release|Mixed Platforms.Build.0 = Release|Any CPU
		{0846FA7E-3FF5-422D-BEB1-6E8495C410CD}.Release|x86.ActiveCfg = Release|Any CPU
		{588941E6-013B-4FE5-B476-7B99815C6293}.Debug|Any CPU.ActiveCfg = Debug|Any CPU
		{588941E6-013B-4FE5-B476-7B99815C6293}.Debug|Any CPU.Build.0 = Debug|Any CPU
		{588941E6-013B-4FE5-B476-7B99815C6293}.Debug|Mixed Platforms.ActiveCfg = Debug|Any CPU
		{588941E6-013B-4FE5-B476-7B99815C6293}.Debug|Mixed Platforms.Build.0 = Debug|Any CPU
		{588941E6-013B-4FE5-B476-7B99815C6293}.Debug|x86.ActiveCfg = Debug|Any CPU
		{588941E6-013B-4FE5-B476-7B99815C6293}.Release|Any CPU.ActiveCfg = Release|Any CPU
		{588941E6-013B-4FE5-B476-7B99815C6293}.Release|Any CPU.Build.0 = Release|Any CPU
		{588941E6-013B-4FE5-B476-7B99815C6293}.Release|Mixed Platforms.ActiveCfg = Release|Any CPU
		{588941E6-013B-4FE5-B476-7B99815C6293}.Release|Mixed Platforms.Build.0 = Release|Any CPU
		{588941E6-013B-4FE5-B476-7B99815C6293}.Release|x86.ActiveCfg = Release|Any CPU
		{B168479D-E977-4B18-8D91-A238CDE4B222}.Debug|Any CPU.ActiveCfg = Debug|Any CPU
		{B168479D-E977-4B18-8D91-A238CDE4B222}.Debug|Any CPU.Build.0 = Debug|Any CPU
		{B168479D-E977-4B18-8D91-A238CDE4B222}.Debug|Mixed Platforms.ActiveCfg = Debug|Any CPU
		{B168479D-E977-4B18-8D91-A238CDE4B222}.Debug|x86.ActiveCfg = Debug|Any CPU
		{B168479D-E977-4B18-8D91-A238CDE4B222}.Release|Any CPU.ActiveCfg = Release|Any CPU
		{B168479D-E977-4B18-8D91-A238CDE4B222}.Release|Any CPU.Build.0 = Release|Any CPU
		{B168479D-E977-4B18-8D91-A238CDE4B222}.Release|Mixed Platforms.ActiveCfg = Release|Any CPU
		{B168479D-E977-4B18-8D91-A238CDE4B222}.Release|Mixed Platforms.Build.0 = Release|Any CPU
		{B168479D-E977-4B18-8D91-A238CDE4B222}.Release|x86.ActiveCfg = Release|Any CPU
		{C8E8697B-8BED-493F-A3B0-650E83E92AF8}.Debug|Any CPU.ActiveCfg = Debug|Any CPU
		{C8E8697B-8BED-493F-A3B0-650E83E92AF8}.Debug|Any CPU.Build.0 = Debug|Any CPU
		{C8E8697B-8BED-493F-A3B0-650E83E92AF8}.Debug|Mixed Platforms.ActiveCfg = Debug|Any CPU
		{C8E8697B-8BED-493F-A3B0-650E83E92AF8}.Debug|Mixed Platforms.Build.0 = Debug|Any CPU
		{C8E8697B-8BED-493F-A3B0-650E83E92AF8}.Debug|x86.ActiveCfg = Debug|Any CPU
		{C8E8697B-8BED-493F-A3B0-650E83E92AF8}.Release|Any CPU.ActiveCfg = Release|Any CPU
		{C8E8697B-8BED-493F-A3B0-650E83E92AF8}.Release|Any CPU.Build.0 = Release|Any CPU
		{C8E8697B-8BED-493F-A3B0-650E83E92AF8}.Release|Mixed Platforms.ActiveCfg = Release|Any CPU
		{C8E8697B-8BED-493F-A3B0-650E83E92AF8}.Release|Mixed Platforms.Build.0 = Release|Any CPU
		{C8E8697B-8BED-493F-A3B0-650E83E92AF8}.Release|x86.ActiveCfg = Release|Any CPU
		{673F5D53-8256-4EFD-AA7F-0AA4BA09EF18}.Debug|Any CPU.ActiveCfg = Debug|Any CPU
		{673F5D53-8256-4EFD-AA7F-0AA4BA09EF18}.Debug|Any CPU.Build.0 = Debug|Any CPU
		{673F5D53-8256-4EFD-AA7F-0AA4BA09EF18}.Debug|Mixed Platforms.ActiveCfg = Debug|Any CPU
		{673F5D53-8256-4EFD-AA7F-0AA4BA09EF18}.Debug|x86.ActiveCfg = Debug|Any CPU
		{673F5D53-8256-4EFD-AA7F-0AA4BA09EF18}.Release|Any CPU.ActiveCfg = Release|Any CPU
		{673F5D53-8256-4EFD-AA7F-0AA4BA09EF18}.Release|Any CPU.Build.0 = Release|Any CPU
		{673F5D53-8256-4EFD-AA7F-0AA4BA09EF18}.Release|Mixed Platforms.ActiveCfg = Release|Any CPU
		{673F5D53-8256-4EFD-AA7F-0AA4BA09EF18}.Release|Mixed Platforms.Build.0 = Release|Any CPU
		{673F5D53-8256-4EFD-AA7F-0AA4BA09EF18}.Release|x86.ActiveCfg = Release|Any CPU
		{24750AA7-198A-4E92-9937-33296EC22B3A}.Debug|Any CPU.ActiveCfg = Debug|Any CPU
		{24750AA7-198A-4E92-9937-33296EC22B3A}.Debug|Any CPU.Build.0 = Debug|Any CPU
		{24750AA7-198A-4E92-9937-33296EC22B3A}.Debug|Mixed Platforms.ActiveCfg = Debug|Any CPU
		{24750AA7-198A-4E92-9937-33296EC22B3A}.Debug|Mixed Platforms.Build.0 = Debug|Any CPU
		{24750AA7-198A-4E92-9937-33296EC22B3A}.Debug|x86.ActiveCfg = Debug|Any CPU
		{24750AA7-198A-4E92-9937-33296EC22B3A}.Release|Any CPU.ActiveCfg = Release|Any CPU
		{24750AA7-198A-4E92-9937-33296EC22B3A}.Release|Any CPU.Build.0 = Release|Any CPU
		{24750AA7-198A-4E92-9937-33296EC22B3A}.Release|Mixed Platforms.ActiveCfg = Release|Any CPU
		{24750AA7-198A-4E92-9937-33296EC22B3A}.Release|Mixed Platforms.Build.0 = Release|Any CPU
		{24750AA7-198A-4E92-9937-33296EC22B3A}.Release|x86.ActiveCfg = Release|Any CPU
		{05DC8701-36AB-4212-B468-BB128C7C3E84}.Debug|Any CPU.ActiveCfg = Debug|Any CPU
		{05DC8701-36AB-4212-B468-BB128C7C3E84}.Debug|Any CPU.Build.0 = Debug|Any CPU
		{05DC8701-36AB-4212-B468-BB128C7C3E84}.Debug|Mixed Platforms.ActiveCfg = Debug|Any CPU
		{05DC8701-36AB-4212-B468-BB128C7C3E84}.Debug|Mixed Platforms.Build.0 = Debug|Any CPU
		{05DC8701-36AB-4212-B468-BB128C7C3E84}.Debug|x86.ActiveCfg = Debug|Any CPU
		{05DC8701-36AB-4212-B468-BB128C7C3E84}.Release|Any CPU.ActiveCfg = Release|Any CPU
		{05DC8701-36AB-4212-B468-BB128C7C3E84}.Release|Any CPU.Build.0 = Release|Any CPU
		{05DC8701-36AB-4212-B468-BB128C7C3E84}.Release|Mixed Platforms.ActiveCfg = Release|Any CPU
		{05DC8701-36AB-4212-B468-BB128C7C3E84}.Release|Mixed Platforms.Build.0 = Release|Any CPU
		{05DC8701-36AB-4212-B468-BB128C7C3E84}.Release|x86.ActiveCfg = Release|Any CPU
		{AE047892-6E00-408F-9C5C-A80CF57E8E74}.Debug|Any CPU.ActiveCfg = Debug|Any CPU
		{AE047892-6E00-408F-9C5C-A80CF57E8E74}.Debug|Any CPU.Build.0 = Debug|Any CPU
		{AE047892-6E00-408F-9C5C-A80CF57E8E74}.Debug|Mixed Platforms.ActiveCfg = Debug|Any CPU
		{AE047892-6E00-408F-9C5C-A80CF57E8E74}.Debug|Mixed Platforms.Build.0 = Debug|Any CPU
		{AE047892-6E00-408F-9C5C-A80CF57E8E74}.Debug|x86.ActiveCfg = Debug|Any CPU
		{AE047892-6E00-408F-9C5C-A80CF57E8E74}.Release|Any CPU.ActiveCfg = Release|Any CPU
		{AE047892-6E00-408F-9C5C-A80CF57E8E74}.Release|Any CPU.Build.0 = Release|Any CPU
		{AE047892-6E00-408F-9C5C-A80CF57E8E74}.Release|Mixed Platforms.ActiveCfg = Release|Any CPU
		{AE047892-6E00-408F-9C5C-A80CF57E8E74}.Release|Mixed Platforms.Build.0 = Release|Any CPU
		{AE047892-6E00-408F-9C5C-A80CF57E8E74}.Release|x86.ActiveCfg = Release|Any CPU
		{49C68BE4-F2EC-4FA3-A547-BDC5FBEA39A3}.Debug|Any CPU.ActiveCfg = Debug|Any CPU
		{49C68BE4-F2EC-4FA3-A547-BDC5FBEA39A3}.Debug|Any CPU.Build.0 = Debug|Any CPU
		{49C68BE4-F2EC-4FA3-A547-BDC5FBEA39A3}.Debug|Mixed Platforms.ActiveCfg = Debug|Any CPU
		{49C68BE4-F2EC-4FA3-A547-BDC5FBEA39A3}.Debug|Mixed Platforms.Build.0 = Debug|Any CPU
		{49C68BE4-F2EC-4FA3-A547-BDC5FBEA39A3}.Debug|x86.ActiveCfg = Debug|Any CPU
		{49C68BE4-F2EC-4FA3-A547-BDC5FBEA39A3}.Release|Any CPU.ActiveCfg = Release|Any CPU
		{49C68BE4-F2EC-4FA3-A547-BDC5FBEA39A3}.Release|Any CPU.Build.0 = Release|Any CPU
		{49C68BE4-F2EC-4FA3-A547-BDC5FBEA39A3}.Release|Mixed Platforms.ActiveCfg = Release|Any CPU
		{49C68BE4-F2EC-4FA3-A547-BDC5FBEA39A3}.Release|Mixed Platforms.Build.0 = Release|Any CPU
		{49C68BE4-F2EC-4FA3-A547-BDC5FBEA39A3}.Release|x86.ActiveCfg = Release|Any CPU
		{EA523435-06CC-4BA2-A0EA-E4C19B2B4D9C}.Debug|Any CPU.ActiveCfg = Debug|Any CPU
		{EA523435-06CC-4BA2-A0EA-E4C19B2B4D9C}.Debug|Any CPU.Build.0 = Debug|Any CPU
		{EA523435-06CC-4BA2-A0EA-E4C19B2B4D9C}.Debug|Mixed Platforms.ActiveCfg = Debug|Any CPU
		{EA523435-06CC-4BA2-A0EA-E4C19B2B4D9C}.Debug|Mixed Platforms.Build.0 = Debug|Any CPU
		{EA523435-06CC-4BA2-A0EA-E4C19B2B4D9C}.Debug|x86.ActiveCfg = Debug|Any CPU
		{EA523435-06CC-4BA2-A0EA-E4C19B2B4D9C}.Release|Any CPU.ActiveCfg = Release|Any CPU
		{EA523435-06CC-4BA2-A0EA-E4C19B2B4D9C}.Release|Any CPU.Build.0 = Release|Any CPU
		{EA523435-06CC-4BA2-A0EA-E4C19B2B4D9C}.Release|Mixed Platforms.ActiveCfg = Release|Any CPU
		{EA523435-06CC-4BA2-A0EA-E4C19B2B4D9C}.Release|Mixed Platforms.Build.0 = Release|Any CPU
		{EA523435-06CC-4BA2-A0EA-E4C19B2B4D9C}.Release|x86.ActiveCfg = Release|Any CPU
		{D4D7E9FB-9D00-4C4D-91C3-D2FE73F46510}.Debug|Any CPU.ActiveCfg = Debug|Any CPU
		{D4D7E9FB-9D00-4C4D-91C3-D2FE73F46510}.Debug|Any CPU.Build.0 = Debug|Any CPU
		{D4D7E9FB-9D00-4C4D-91C3-D2FE73F46510}.Debug|Mixed Platforms.ActiveCfg = Debug|Any CPU
		{D4D7E9FB-9D00-4C4D-91C3-D2FE73F46510}.Debug|Mixed Platforms.Build.0 = Debug|Any CPU
		{D4D7E9FB-9D00-4C4D-91C3-D2FE73F46510}.Debug|x86.ActiveCfg = Debug|Any CPU
		{D4D7E9FB-9D00-4C4D-91C3-D2FE73F46510}.Release|Any CPU.ActiveCfg = Release|Any CPU
		{D4D7E9FB-9D00-4C4D-91C3-D2FE73F46510}.Release|Any CPU.Build.0 = Release|Any CPU
		{D4D7E9FB-9D00-4C4D-91C3-D2FE73F46510}.Release|Mixed Platforms.ActiveCfg = Release|Any CPU
		{D4D7E9FB-9D00-4C4D-91C3-D2FE73F46510}.Release|Mixed Platforms.Build.0 = Release|Any CPU
		{D4D7E9FB-9D00-4C4D-91C3-D2FE73F46510}.Release|x86.ActiveCfg = Release|Any CPU
		{2A5625A7-F099-4EEF-AC51-E48F287DDD4C}.Debug|Any CPU.ActiveCfg = Debug|Any CPU
		{2A5625A7-F099-4EEF-AC51-E48F287DDD4C}.Debug|Any CPU.Build.0 = Debug|Any CPU
		{2A5625A7-F099-4EEF-AC51-E48F287DDD4C}.Debug|Mixed Platforms.ActiveCfg = Debug|Any CPU
		{2A5625A7-F099-4EEF-AC51-E48F287DDD4C}.Debug|Mixed Platforms.Build.0 = Debug|Any CPU
		{2A5625A7-F099-4EEF-AC51-E48F287DDD4C}.Debug|x86.ActiveCfg = Debug|Any CPU
		{2A5625A7-F099-4EEF-AC51-E48F287DDD4C}.Release|Any CPU.ActiveCfg = Release|Any CPU
		{2A5625A7-F099-4EEF-AC51-E48F287DDD4C}.Release|Any CPU.Build.0 = Release|Any CPU
		{2A5625A7-F099-4EEF-AC51-E48F287DDD4C}.Release|Mixed Platforms.ActiveCfg = Release|Any CPU
		{2A5625A7-F099-4EEF-AC51-E48F287DDD4C}.Release|Mixed Platforms.Build.0 = Release|Any CPU
		{2A5625A7-F099-4EEF-AC51-E48F287DDD4C}.Release|x86.ActiveCfg = Release|Any CPU
		{ADC2DC09-6696-4531-8BE4-A74993776018}.Debug|Any CPU.ActiveCfg = Debug|x86
		{ADC2DC09-6696-4531-8BE4-A74993776018}.Debug|Mixed Platforms.ActiveCfg = Debug|x86
		{ADC2DC09-6696-4531-8BE4-A74993776018}.Debug|Mixed Platforms.Build.0 = Debug|x86
		{ADC2DC09-6696-4531-8BE4-A74993776018}.Debug|x86.ActiveCfg = Debug|x86
		{ADC2DC09-6696-4531-8BE4-A74993776018}.Debug|x86.Build.0 = Debug|x86
		{ADC2DC09-6696-4531-8BE4-A74993776018}.Release|Any CPU.ActiveCfg = Release|x86
		{ADC2DC09-6696-4531-8BE4-A74993776018}.Release|Mixed Platforms.ActiveCfg = Release|x86
		{ADC2DC09-6696-4531-8BE4-A74993776018}.Release|Mixed Platforms.Build.0 = Release|x86
		{ADC2DC09-6696-4531-8BE4-A74993776018}.Release|x86.ActiveCfg = Release|x86
		{ADC2DC09-6696-4531-8BE4-A74993776018}.Release|x86.Build.0 = Release|x86
		{6009EFAA-B791-440D-8A0B-E20328107451}.Debug|Any CPU.ActiveCfg = Debug|Any CPU
		{6009EFAA-B791-440D-8A0B-E20328107451}.Debug|Any CPU.Build.0 = Debug|Any CPU
		{6009EFAA-B791-440D-8A0B-E20328107451}.Debug|Mixed Platforms.ActiveCfg = Debug|Any CPU
		{6009EFAA-B791-440D-8A0B-E20328107451}.Debug|Mixed Platforms.Build.0 = Debug|Any CPU
		{6009EFAA-B791-440D-8A0B-E20328107451}.Debug|x86.ActiveCfg = Debug|Any CPU
		{6009EFAA-B791-440D-8A0B-E20328107451}.Release|Any CPU.ActiveCfg = Release|Any CPU
		{6009EFAA-B791-440D-8A0B-E20328107451}.Release|Any CPU.Build.0 = Release|Any CPU
		{6009EFAA-B791-440D-8A0B-E20328107451}.Release|Mixed Platforms.ActiveCfg = Release|Any CPU
		{6009EFAA-B791-440D-8A0B-E20328107451}.Release|Mixed Platforms.Build.0 = Release|Any CPU
		{6009EFAA-B791-440D-8A0B-E20328107451}.Release|x86.ActiveCfg = Release|Any CPU
		{566DE8B0-07E4-405B-A947-3A351FDE8ED6}.Debug|Any CPU.ActiveCfg = Debug|Any CPU
		{566DE8B0-07E4-405B-A947-3A351FDE8ED6}.Debug|Any CPU.Build.0 = Debug|Any CPU
		{566DE8B0-07E4-405B-A947-3A351FDE8ED6}.Debug|Mixed Platforms.ActiveCfg = Debug|Any CPU
		{566DE8B0-07E4-405B-A947-3A351FDE8ED6}.Debug|Mixed Platforms.Build.0 = Debug|Any CPU
		{566DE8B0-07E4-405B-A947-3A351FDE8ED6}.Debug|x86.ActiveCfg = Debug|Any CPU
		{566DE8B0-07E4-405B-A947-3A351FDE8ED6}.Release|Any CPU.ActiveCfg = Release|Any CPU
		{566DE8B0-07E4-405B-A947-3A351FDE8ED6}.Release|Any CPU.Build.0 = Release|Any CPU
		{566DE8B0-07E4-405B-A947-3A351FDE8ED6}.Release|Mixed Platforms.ActiveCfg = Release|Any CPU
		{566DE8B0-07E4-405B-A947-3A351FDE8ED6}.Release|Mixed Platforms.Build.0 = Release|Any CPU
		{566DE8B0-07E4-405B-A947-3A351FDE8ED6}.Release|x86.ActiveCfg = Release|Any CPU
		{61BC06E4-E5F5-4DD5-843C-CC58036261B7}.Debug|Any CPU.ActiveCfg = Debug|Any CPU
		{61BC06E4-E5F5-4DD5-843C-CC58036261B7}.Debug|Any CPU.Build.0 = Debug|Any CPU
		{61BC06E4-E5F5-4DD5-843C-CC58036261B7}.Debug|Mixed Platforms.ActiveCfg = Debug|Any CPU
		{61BC06E4-E5F5-4DD5-843C-CC58036261B7}.Debug|Mixed Platforms.Build.0 = Debug|Any CPU
		{61BC06E4-E5F5-4DD5-843C-CC58036261B7}.Debug|x86.ActiveCfg = Debug|Any CPU
		{61BC06E4-E5F5-4DD5-843C-CC58036261B7}.Release|Any CPU.ActiveCfg = Release|Any CPU
		{61BC06E4-E5F5-4DD5-843C-CC58036261B7}.Release|Any CPU.Build.0 = Release|Any CPU
		{61BC06E4-E5F5-4DD5-843C-CC58036261B7}.Release|Mixed Platforms.ActiveCfg = Release|Any CPU
		{61BC06E4-E5F5-4DD5-843C-CC58036261B7}.Release|Mixed Platforms.Build.0 = Release|Any CPU
		{61BC06E4-E5F5-4DD5-843C-CC58036261B7}.Release|x86.ActiveCfg = Release|Any CPU
		{4D387F64-7354-4DE1-8470-A50FF42E3DB7}.Debug|Any CPU.ActiveCfg = Debug|Any CPU
		{4D387F64-7354-4DE1-8470-A50FF42E3DB7}.Debug|Any CPU.Build.0 = Debug|Any CPU
		{4D387F64-7354-4DE1-8470-A50FF42E3DB7}.Debug|Mixed Platforms.ActiveCfg = Debug|Any CPU
		{4D387F64-7354-4DE1-8470-A50FF42E3DB7}.Debug|Mixed Platforms.Build.0 = Debug|Any CPU
		{4D387F64-7354-4DE1-8470-A50FF42E3DB7}.Debug|x86.ActiveCfg = Debug|Any CPU
		{4D387F64-7354-4DE1-8470-A50FF42E3DB7}.Release|Any CPU.ActiveCfg = Release|Any CPU
		{4D387F64-7354-4DE1-8470-A50FF42E3DB7}.Release|Any CPU.Build.0 = Release|Any CPU
		{4D387F64-7354-4DE1-8470-A50FF42E3DB7}.Release|Mixed Platforms.ActiveCfg = Release|Any CPU
		{4D387F64-7354-4DE1-8470-A50FF42E3DB7}.Release|Mixed Platforms.Build.0 = Release|Any CPU
		{4D387F64-7354-4DE1-8470-A50FF42E3DB7}.Release|x86.ActiveCfg = Release|Any CPU
		{34A436D6-4E0E-469B-AF75-81F4214166FB}.Debug|Any CPU.ActiveCfg = Debug|Any CPU
		{34A436D6-4E0E-469B-AF75-81F4214166FB}.Debug|Any CPU.Build.0 = Debug|Any CPU
		{34A436D6-4E0E-469B-AF75-81F4214166FB}.Debug|Mixed Platforms.ActiveCfg = Debug|Any CPU
		{34A436D6-4E0E-469B-AF75-81F4214166FB}.Debug|Mixed Platforms.Build.0 = Debug|Any CPU
		{34A436D6-4E0E-469B-AF75-81F4214166FB}.Debug|x86.ActiveCfg = Debug|Any CPU
		{34A436D6-4E0E-469B-AF75-81F4214166FB}.Release|Any CPU.ActiveCfg = Release|Any CPU
		{34A436D6-4E0E-469B-AF75-81F4214166FB}.Release|Any CPU.Build.0 = Release|Any CPU
		{34A436D6-4E0E-469B-AF75-81F4214166FB}.Release|Mixed Platforms.ActiveCfg = Release|Any CPU
		{34A436D6-4E0E-469B-AF75-81F4214166FB}.Release|Mixed Platforms.Build.0 = Release|Any CPU
		{34A436D6-4E0E-469B-AF75-81F4214166FB}.Release|x86.ActiveCfg = Release|Any CPU
		{E93B359D-AC7A-45BB-AD2A-C1D96F828EDB}.Debug|Any CPU.ActiveCfg = Debug|Any CPU
		{E93B359D-AC7A-45BB-AD2A-C1D96F828EDB}.Debug|Any CPU.Build.0 = Debug|Any CPU
		{E93B359D-AC7A-45BB-AD2A-C1D96F828EDB}.Debug|Mixed Platforms.ActiveCfg = Debug|Any CPU
		{E93B359D-AC7A-45BB-AD2A-C1D96F828EDB}.Debug|Mixed Platforms.Build.0 = Debug|Any CPU
		{E93B359D-AC7A-45BB-AD2A-C1D96F828EDB}.Debug|x86.ActiveCfg = Debug|Any CPU
		{E93B359D-AC7A-45BB-AD2A-C1D96F828EDB}.Release|Any CPU.ActiveCfg = Release|Any CPU
		{E93B359D-AC7A-45BB-AD2A-C1D96F828EDB}.Release|Any CPU.Build.0 = Release|Any CPU
		{E93B359D-AC7A-45BB-AD2A-C1D96F828EDB}.Release|Mixed Platforms.ActiveCfg = Release|Any CPU
		{E93B359D-AC7A-45BB-AD2A-C1D96F828EDB}.Release|Mixed Platforms.Build.0 = Release|Any CPU
		{E93B359D-AC7A-45BB-AD2A-C1D96F828EDB}.Release|x86.ActiveCfg = Release|Any CPU
		{6A56874B-37F6-4829-935A-6D1CBAA2212E}.Debug|Any CPU.ActiveCfg = Debug|Any CPU
		{6A56874B-37F6-4829-935A-6D1CBAA2212E}.Debug|Any CPU.Build.0 = Debug|Any CPU
		{6A56874B-37F6-4829-935A-6D1CBAA2212E}.Debug|Mixed Platforms.ActiveCfg = Debug|Any CPU
		{6A56874B-37F6-4829-935A-6D1CBAA2212E}.Debug|Mixed Platforms.Build.0 = Debug|Any CPU
		{6A56874B-37F6-4829-935A-6D1CBAA2212E}.Debug|x86.ActiveCfg = Debug|Any CPU
		{6A56874B-37F6-4829-935A-6D1CBAA2212E}.Release|Any CPU.ActiveCfg = Release|Any CPU
		{6A56874B-37F6-4829-935A-6D1CBAA2212E}.Release|Any CPU.Build.0 = Release|Any CPU
		{6A56874B-37F6-4829-935A-6D1CBAA2212E}.Release|Mixed Platforms.ActiveCfg = Release|Any CPU
		{6A56874B-37F6-4829-935A-6D1CBAA2212E}.Release|Mixed Platforms.Build.0 = Release|Any CPU
		{6A56874B-37F6-4829-935A-6D1CBAA2212E}.Release|x86.ActiveCfg = Release|Any CPU
		{B6FE0585-A967-44AF-8888-834052800E55}.Debug|Any CPU.ActiveCfg = Debug|Any CPU
		{B6FE0585-A967-44AF-8888-834052800E55}.Debug|Any CPU.Build.0 = Debug|Any CPU
		{B6FE0585-A967-44AF-8888-834052800E55}.Debug|Mixed Platforms.ActiveCfg = Debug|Any CPU
		{B6FE0585-A967-44AF-8888-834052800E55}.Debug|Mixed Platforms.Build.0 = Debug|Any CPU
		{B6FE0585-A967-44AF-8888-834052800E55}.Debug|x86.ActiveCfg = Debug|Any CPU
		{B6FE0585-A967-44AF-8888-834052800E55}.Release|Any CPU.ActiveCfg = Release|Any CPU
		{B6FE0585-A967-44AF-8888-834052800E55}.Release|Any CPU.Build.0 = Release|Any CPU
		{B6FE0585-A967-44AF-8888-834052800E55}.Release|Mixed Platforms.ActiveCfg = Release|Any CPU
		{B6FE0585-A967-44AF-8888-834052800E55}.Release|Mixed Platforms.Build.0 = Release|Any CPU
		{B6FE0585-A967-44AF-8888-834052800E55}.Release|x86.ActiveCfg = Release|Any CPU
	EndGlobalSection
	GlobalSection(SolutionProperties) = preSolution
		HideSolutionNode = FALSE
	EndGlobalSection
	GlobalSection(NestedProjects) = preSolution
		{014A1AC0-5FE6-45CA-825E-35250DF6D417} = {779E8921-5A6C-4BFC-8BEA-B4FAD6B730C4}
		{9177B239-87B6-44AE-8786-7C7204F2BACB} = {779E8921-5A6C-4BFC-8BEA-B4FAD6B730C4}
		{C7CA6B1C-8C5D-447D-AB62-743EBFE630B1} = {779E8921-5A6C-4BFC-8BEA-B4FAD6B730C4}
		{24750AA7-198A-4E92-9937-33296EC22B3A} = {779E8921-5A6C-4BFC-8BEA-B4FAD6B730C4}
		{AE047892-6E00-408F-9C5C-A80CF57E8E74} = {779E8921-5A6C-4BFC-8BEA-B4FAD6B730C4}
		{D4D7E9FB-9D00-4C4D-91C3-D2FE73F46510} = {779E8921-5A6C-4BFC-8BEA-B4FAD6B730C4}
		{2A5625A7-F099-4EEF-AC51-E48F287DDD4C} = {779E8921-5A6C-4BFC-8BEA-B4FAD6B730C4}
		{34A436D6-4E0E-469B-AF75-81F4214166FB} = {779E8921-5A6C-4BFC-8BEA-B4FAD6B730C4}
		{E93B359D-AC7A-45BB-AD2A-C1D96F828EDB} = {779E8921-5A6C-4BFC-8BEA-B4FAD6B730C4}
		{6A56874B-37F6-4829-935A-6D1CBAA2212E} = {779E8921-5A6C-4BFC-8BEA-B4FAD6B730C4}
		{ADC2DC09-6696-4531-8BE4-A74993776018} = {57F9A565-60A6-4539-B347-AE32D1A421AB}
		{4D387F64-7354-4DE1-8470-A50FF42E3DB7} = {983EAA37-4320-4D78-9E8A-1BF14BEF4A42}
	EndGlobalSection
EndGlobal
